
Microsoft Visual Studio Solution File, Format Version 12.00
# Visual Studio Version 16
VisualStudioVersion = 16.0.29709.97
MinimumVisualStudioVersion = 10.0.40219.1
Project("{FAE04EC0-301F-11D3-BF4B-00C04F79EFBC}") = "Matriks.ApiClient", "Matriks.ApiClient.csproj", "{A629B0EA-7A6D-4482-938B-6B73242723B7}"
EndProject
Global
	GlobalSection(SolutionConfigurationPlatforms) = preSolution
		Debug|Any CPU = Debug|Any CPU
		Release|Any CPU = Release|Any CPU
	EndGlobalSection
	GlobalSection(ProjectConfigurationPlatforms) = postSolution
		{A629B0EA-7A6D-4482-938B-6B73242723B7}.Debug|Any CPU.ActiveCfg = Debug|Any CPU
		{A629B0EA-7A6D-4482-938B-6B73242723B7}.Debug|Any CPU.Build.0 = Debug|Any CPU
		{A629B0EA-7A6D-4482-938B-6B73242723B7}.Release|Any CPU.ActiveCfg = Release|Any CPU
		{A629B0EA-7A6D-4482-938B-6B73242723B7}.Release|Any CPU.Build.0 = Release|Any CPU
	EndGlobalSection
	GlobalSection(SolutionProperties) = preSolution
		HideSolutionNode = FALSE
	EndGlobalSection
	GlobalSection(ExtensibilityGlobals) = postSolution
		SolutionGuid = {56576C06-34E0-446B-8C03-3E62EECA031D}
	EndGlobalSection
EndGlobal
